
Microsoft Visual Studio Solution File, Format Version 12.00
# Visual Studio Version 17
VisualStudioVersion = 17.5.33530.505
MinimumVisualStudioVersion = 10.0.40219.1
Project("{FAE04EC0-301F-11D3-BF4B-00C04F79EFBC}") = "Lab5", "Lab5\Lab5.csproj", "{7339D37A-5DD3-4887-B86A-6E00632E2BFA}"
EndProject
Global
	GlobalSection(SolutionConfigurationPlatforms) = preSolution
		Debug|Any CPU = Debug|Any CPU
		Release|Any CPU = Release|Any CPU
	EndGlobalSection
	GlobalSection(ProjectConfigurationPlatforms) = postSolution
		{7339D37A-5DD3-4887-B86A-6E00632E2BFA}.Debug|Any CPU.ActiveCfg = Debug|Any CPU
		{7339D37A-5DD3-4887-B86A-6E00632E2BFA}.Debug|Any CPU.Build.0 = Debug|Any CPU
		{7339D37A-5DD3-4887-B86A-6E00632E2BFA}.Release|Any CPU.ActiveCfg = Release|Any CPU
		{7339D37A-5DD3-4887-B86A-6E00632E2BFA}.Release|Any CPU.Build.0 = Release|Any CPU
	EndGlobalSection
	GlobalSection(SolutionProperties) = preSolution
		HideSolutionNode = FALSE
	EndGlobalSection
	GlobalSection(ExtensibilityGlobals) = postSolution
		SolutionGuid = {83F6606B-34B9-4B1C-A0F9-39F9735AFCC5}
	EndGlobalSection
EndGlobal
